
Microsoft Visual Studio Solution File, Format Version 12.00
# Visual Studio Version 17
VisualStudioVersion = 17.5.33627.172
MinimumVisualStudioVersion = 10.0.40219.1
Project("{FAE04EC0-301F-11D3-BF4B-00C04F79EFBC}") = "ExcelWebAddIn_C", "ExcelWebAddIn_C\ExcelWebAddIn_C.csproj", "{45909676-351E-43DE-94C7-8674AEE65930}"
EndProject
Project("{FAE04EC0-301F-11D3-BF4B-00C04F79EFBC}") = "ExcelWebAddIn_CWeb", "ExcelWebAddIn_CWeb\ExcelWebAddIn_CWeb.csproj", "{B52C4C20-52AC-444A-851F-B677191D445F}"
EndProject
Global
	GlobalSection(SolutionConfigurationPlatforms) = preSolution
		Debug|Any CPU = Debug|Any CPU
		Release|Any CPU = Release|Any CPU
	EndGlobalSection
	GlobalSection(ProjectConfigurationPlatforms) = postSolution
		{45909676-351E-43DE-94C7-8674AEE65930}.Debug|Any CPU.ActiveCfg = Debug|Any CPU
		{45909676-351E-43DE-94C7-8674AEE65930}.Debug|Any CPU.Build.0 = Debug|Any CPU
		{45909676-351E-43DE-94C7-8674AEE65930}.Debug|Any CPU.Deploy.0 = Debug|Any CPU
		{45909676-351E-43DE-94C7-8674AEE65930}.Release|Any CPU.ActiveCfg = Release|Any CPU
		{45909676-351E-43DE-94C7-8674AEE65930}.Release|Any CPU.Build.0 = Release|Any CPU
		{45909676-351E-43DE-94C7-8674AEE65930}.Release|Any CPU.Deploy.0 = Release|Any CPU
		{B52C4C20-52AC-444A-851F-B677191D445F}.Debug|Any CPU.ActiveCfg = Debug|Any CPU
		{B52C4C20-52AC-444A-851F-B677191D445F}.Debug|Any CPU.Build.0 = Debug|Any CPU
		{B52C4C20-52AC-444A-851F-B677191D445F}.Release|Any CPU.ActiveCfg = Release|Any CPU
		{B52C4C20-52AC-444A-851F-B677191D445F}.Release|Any CPU.Build.0 = Release|Any CPU
	EndGlobalSection
	GlobalSection(SolutionProperties) = preSolution
		HideSolutionNode = FALSE
	EndGlobalSection
	GlobalSection(ExtensibilityGlobals) = postSolution
		SolutionGuid = {F53152AF-1EB7-4547-BF8A-2F233DB05D71}
	EndGlobalSection
EndGlobal
